
Microsoft Visual Studio Solution File, Format Version 12.00
# Visual Studio Version 17
VisualStudioVersion = 17.3.32819.101
MinimumVisualStudioVersion = 10.0.40219.1
Project("{8BC9CEB8-8B4A-11D0-8D11-00A0C91BC942}") = "Homework06_Program1", "Homework06_Program1\Homework06_Program1.vcxproj", "{EF920C09-4A38-4F78-A729-D84E3C3EEE12}"
EndProject
Global
	GlobalSection(SolutionConfigurationPlatforms) = preSolution
		Debug|x64 = Debug|x64
		Debug|x86 = Debug|x86
		Release|x64 = Release|x64
		Release|x86 = Release|x86
	EndGlobalSection
	GlobalSection(ProjectConfigurationPlatforms) = postSolution
		{EF920C09-4A38-4F78-A729-D84E3C3EEE12}.Debug|x64.ActiveCfg = Debug|x64
		{EF920C09-4A38-4F78-A729-D84E3C3EEE12}.Debug|x64.Build.0 = Debug|x64
		{EF920C09-4A38-4F78-A729-D84E3C3EEE12}.Debug|x86.ActiveCfg = Debug|Win32
		{EF920C09-4A38-4F78-A729-D84E3C3EEE12}.Debug|x86.Build.0 = Debug|Win32
		{EF920C09-4A38-4F78-A729-D84E3C3EEE12}.Release|x64.ActiveCfg = Release|x64
		{EF920C09-4A38-4F78-A729-D84E3C3EEE12}.Release|x64.Build.0 = Release|x64
		{EF920C09-4A38-4F78-A729-D84E3C3EEE12}.Release|x86.ActiveCfg = Release|Win32
		{EF920C09-4A38-4F78-A729-D84E3C3EEE12}.Release|x86.Build.0 = Release|Win32
	EndGlobalSection
	GlobalSection(SolutionProperties) = preSolution
		HideSolutionNode = FALSE
	EndGlobalSection
	GlobalSection(ExtensibilityGlobals) = postSolution
		SolutionGuid = {EE191858-F50A-419E-9B4D-CC0E51E88E9A}
	EndGlobalSection
EndGlobal
